
Microsoft Visual Studio Solution File, Format Version 12.00
# Visual Studio 15
VisualStudioVersion = 15.0.27703.2035
MinimumVisualStudioVersion = 10.0.40219.1
Project("{FAE04EC0-301F-11D3-BF4B-00C04F79EFBC}") = "AsyncAndAwaitExamples", "AsyncAndAwaitExamples\AsyncAndAwaitExamples.csproj", "{E0C3C2D2-98A3-4074-99D9-23868B6F4957}"
EndProject
Project("{FAE04EC0-301F-11D3-BF4B-00C04F79EFBC}") = "ScalingAsync", "ScalingAsync\ScalingAsync.csproj", "{BA9ACA4B-DFA3-4102-AB28-8F3C5AE5976E}"
EndProject
Project("{FAE04EC0-301F-11D3-BF4B-00C04F79EFBC}") = "ConfigureAwait", "ConfigureAwait\ConfigureAwait.csproj", "{5CAA95A0-E5AC-4E5D-BE66-BEF9A84FBFD2}"
EndProject
Global
	GlobalSection(SolutionConfigurationPlatforms) = preSolution
		Debug|Any CPU = Debug|Any CPU
		Release|Any CPU = Release|Any CPU
	EndGlobalSection
	GlobalSection(ProjectConfigurationPlatforms) = postSolution
		{E0C3C2D2-98A3-4074-99D9-23868B6F4957}.Debug|Any CPU.ActiveCfg = Debug|Any CPU
		{E0C3C2D2-98A3-4074-99D9-23868B6F4957}.Debug|Any CPU.Build.0 = Debug|Any CPU
		{E0C3C2D2-98A3-4074-99D9-23868B6F4957}.Release|Any CPU.ActiveCfg = Release|Any CPU
		{E0C3C2D2-98A3-4074-99D9-23868B6F4957}.Release|Any CPU.Build.0 = Release|Any CPU
		{BA9ACA4B-DFA3-4102-AB28-8F3C5AE5976E}.Debug|Any CPU.ActiveCfg = Debug|Any CPU
		{BA9ACA4B-DFA3-4102-AB28-8F3C5AE5976E}.Debug|Any CPU.Build.0 = Debug|Any CPU
		{BA9ACA4B-DFA3-4102-AB28-8F3C5AE5976E}.Release|Any CPU.ActiveCfg = Release|Any CPU
		{BA9ACA4B-DFA3-4102-AB28-8F3C5AE5976E}.Release|Any CPU.Build.0 = Release|Any CPU
		{5CAA95A0-E5AC-4E5D-BE66-BEF9A84FBFD2}.Debug|Any CPU.ActiveCfg = Debug|Any CPU
		{5CAA95A0-E5AC-4E5D-BE66-BEF9A84FBFD2}.Debug|Any CPU.Build.0 = Debug|Any CPU
		{5CAA95A0-E5AC-4E5D-BE66-BEF9A84FBFD2}.Release|Any CPU.ActiveCfg = Release|Any CPU
		{5CAA95A0-E5AC-4E5D-BE66-BEF9A84FBFD2}.Release|Any CPU.Build.0 = Release|Any CPU
	EndGlobalSection
	GlobalSection(SolutionProperties) = preSolution
		HideSolutionNode = FALSE
	EndGlobalSection
	GlobalSection(ExtensibilityGlobals) = postSolution
		SolutionGuid = {5255C7FC-6C69-47F0-A597-10CD62E578B9}
	EndGlobalSection
EndGlobal
